// !$*UTF8*$!
{
	archiveVersion = 1;
	classes = {
	};
	objectVersion = 46;
	objects = {

/* Begin PBXBuildFile section */
		53EB1BD2EAE0DCAEDFB972CA /* Pods_Tracksumo.framework in Frameworks */ = {isa = PBXBuildFile; fileRef = A9718A7BEFF4FEC78B2FE89F /* Pods_Tracksumo.framework */; };
		7BD4ABA71E049D86002661FD /* PageViewController.swift in Sources */ = {isa = PBXBuildFile; fileRef = 7BD4ABA61E049D86002661FD /* PageViewController.swift */; };
		7BD4ABA91E049DD8002661FD /* SettingsViewController.swift in Sources */ = {isa = PBXBuildFile; fileRef = 7BD4ABA81E049DD8002661FD /* SettingsViewController.swift */; };
		7BD4ABAB1E049E27002661FD /* StatisticsViewController.swift in Sources */ = {isa = PBXBuildFile; fileRef = 7BD4ABAA1E049E27002661FD /* StatisticsViewController.swift */; };
		7BD4ABAD1E049E75002661FD /* MainViewController.swift in Sources */ = {isa = PBXBuildFile; fileRef = 7BD4ABAC1E049E75002661FD /* MainViewController.swift */; };
		F2D2C3DF1E045A510087431E /* AppDelegate.swift in Sources */ = {isa = PBXBuildFile; fileRef = F2D2C3DE1E045A510087431E /* AppDelegate.swift */; };
		F2D2C3E41E045A510087431E /* Main.storyboard in Resources */ = {isa = PBXBuildFile; fileRef = F2D2C3E21E045A510087431E /* Main.storyboard */; };
		F2D2C3E71E045A510087431E /* Tracksumo.xcdatamodeld in Sources */ = {isa = PBXBuildFile; fileRef = F2D2C3E51E045A510087431E /* Tracksumo.xcdatamodeld */; };
		F2D2C3E91E045A510087431E /* Assets.xcassets in Resources */ = {isa = PBXBuildFile; fileRef = F2D2C3E81E045A510087431E /* Assets.xcassets */; };
		F2D2C3EC1E045A510087431E /* LaunchScreen.storyboard in Resources */ = {isa = PBXBuildFile; fileRef = F2D2C3EA1E045A510087431E /* LaunchScreen.storyboard */; };
/* End PBXBuildFile section */

/* Begin PBXFileReference section */
		1B6B2BCB21D1B3FFC52D8D63 /* Pods-Tracksumo.release.xcconfig */ = {isa = PBXFileReference; includeInIndex = 1; lastKnownFileType = text.xcconfig; name = "Pods-Tracksumo.release.xcconfig"; path = "Pods/Target Support Files/Pods-Tracksumo/Pods-Tracksumo.release.xcconfig"; sourceTree = "<group>"; };
		7BD4ABA61E049D86002661FD /* PageViewController.swift */ = {isa = PBXFileReference; fileEncoding = 4; lastKnownFileType = sourcecode.swift; path = PageViewController.swift; sourceTree = "<group>"; };
		7BD4ABA81E049DD8002661FD /* SettingsViewController.swift */ = {isa = PBXFileReference; fileEncoding = 4; lastKnownFileType = sourcecode.swift; path = SettingsViewController.swift; sourceTree = "<group>"; };
		7BD4ABAA1E049E27002661FD /* StatisticsViewController.swift */ = {isa = PBXFileReference; fileEncoding = 4; lastKnownFileType = sourcecode.swift; path = StatisticsViewController.swift; sourceTree = "<group>"; };
		7BD4ABAC1E049E75002661FD /* MainViewController.swift */ = {isa = PBXFileReference; fileEncoding = 4; lastKnownFileType = sourcecode.swift; path = MainViewController.swift; sourceTree = "<group>"; };
		A9718A7BEFF4FEC78B2FE89F /* Pods_Tracksumo.framework */ = {isa = PBXFileReference; explicitFileType = wrapper.framework; includeInIndex = 0; path = Pods_Tracksumo.framework; sourceTree = BUILT_PRODUCTS_DIR; };
		C844BF543122A8AD98ACD6F9 /* Pods-Tracksumo.debug.xcconfig */ = {isa = PBXFileReference; includeInIndex = 1; lastKnownFileType = text.xcconfig; name = "Pods-Tracksumo.debug.xcconfig"; path = "Pods/Target Support Files/Pods-Tracksumo/Pods-Tracksumo.debug.xcconfig"; sourceTree = "<group>"; };
		F2D2C3DB1E045A510087431E /* Tracksumo.app */ = {isa = PBXFileReference; explicitFileType = wrapper.application; includeInIndex = 0; path = Tracksumo.app; sourceTree = BUILT_PRODUCTS_DIR; };
		F2D2C3DE1E045A510087431E /* AppDelegate.swift */ = {isa = PBXFileReference; lastKnownFileType = sourcecode.swift; path = AppDelegate.swift; sourceTree = "<group>"; };
		F2D2C3E31E045A510087431E /* Base */ = {isa = PBXFileReference; lastKnownFileType = file.storyboard; name = Base; path = Base.lproj/Main.storyboard; sourceTree = "<group>"; };
		F2D2C3E61E045A510087431E /* Tracksumo.xcdatamodel */ = {isa = PBXFileReference; lastKnownFileType = wrapper.xcdatamodel; path = Tracksumo.xcdatamodel; sourceTree = "<group>"; };
		F2D2C3E81E045A510087431E /* Assets.xcassets */ = {isa = PBXFileReference; lastKnownFileType = folder.assetcatalog; path = Assets.xcassets; sourceTree = "<group>"; };
		F2D2C3EB1E045A510087431E /* Base */ = {isa = PBXFileReference; lastKnownFileType = file.storyboard; name = Base; path = Base.lproj/LaunchScreen.storyboard; sourceTree = "<group>"; };
		F2D2C3ED1E045A510087431E /* Info.plist */ = {isa = PBXFileReference; lastKnownFileType = text.plist.xml; path = Info.plist; sourceTree = "<group>"; };
/* End PBXFileReference section */

/* Begin PBXFrameworksBuildPhase section */
		F2D2C3D81E045A510087431E /* Frameworks */ = {
			isa = PBXFrameworksBuildPhase;
			buildActionMask = 2147483647;
			files = (
				53EB1BD2EAE0DCAEDFB972CA /* Pods_Tracksumo.framework in Frameworks */,
			);
			runOnlyForDeploymentPostprocessing = 0;
		};
/* End PBXFrameworksBuildPhase section */

/* Begin PBXGroup section */
		5F27ACDC4FD7600A3B698FC3 /* Frameworks */ = {
			isa = PBXGroup;
			children = (
				A9718A7BEFF4FEC78B2FE89F /* Pods_Tracksumo.framework */,
			);
			name = Frameworks;
			sourceTree = "<group>";
		};
		CA80A4B793FD430FB9AA62E9 /* Pods */ = {
			isa = PBXGroup;
			children = (
				C844BF543122A8AD98ACD6F9 /* Pods-Tracksumo.debug.xcconfig */,
				1B6B2BCB21D1B3FFC52D8D63 /* Pods-Tracksumo.release.xcconfig */,
			);
			name = Pods;
			sourceTree = "<group>";
		};
		F2D2C3D21E045A510087431E = {
			isa = PBXGroup;
			children = (
				F2D2C3DD1E045A510087431E /* Tracksumo */,
				F2D2C3DC1E045A510087431E /* Products */,
				CA80A4B793FD430FB9AA62E9 /* Pods */,
				5F27ACDC4FD7600A3B698FC3 /* Frameworks */,
			);
			sourceTree = "<group>";
		};
		F2D2C3DC1E045A510087431E /* Products */ = {
			isa = PBXGroup;
			children = (
				F2D2C3DB1E045A510087431E /* Tracksumo.app */,
			);
			name = Products;
			sourceTree = "<group>";
		};
		F2D2C3DD1E045A510087431E /* Tracksumo */ = {
			isa = PBXGroup;
			children = (
				F2D2C3DE1E045A510087431E /* AppDelegate.swift */,
				F2D2C3E21E045A510087431E /* Main.storyboard */,
				7BD4ABA61E049D86002661FD /* PageViewController.swift */,
				7BD4ABA81E049DD8002661FD /* SettingsViewController.swift */,
				7BD4ABAC1E049E75002661FD /* MainViewController.swift */,
				7BD4ABAA1E049E27002661FD /* StatisticsViewController.swift */,
				F2D2C3E81E045A510087431E /* Assets.xcassets */,
				F2D2C3EA1E045A510087431E /* LaunchScreen.storyboard */,
				F2D2C3ED1E045A510087431E /* Info.plist */,
				F2D2C3E51E045A510087431E /* Tracksumo.xcdatamodeld */,
			);
			path = Tracksumo;
			sourceTree = "<group>";
		};
/* End PBXGroup section */

/* Begin PBXNativeTarget section */
		F2D2C3DA1E045A510087431E /* Tracksumo */ = {
			isa = PBXNativeTarget;
			buildConfigurationList = F2D2C3F01E045A510087431E /* Build configuration list for PBXNativeTarget "Tracksumo" */;
			buildPhases = (
				D56AF18D7B06364A28124D1C /* [CP] Check Pods Manifest.lock */,
				F2D2C3D71E045A510087431E /* Sources */,
				F2D2C3D81E045A510087431E /* Frameworks */,
				F2D2C3D91E045A510087431E /* Resources */,
				88D67A5D08DC2DA249F6249B /* [CP] Embed Pods Frameworks */,
				F631FA8C9872985DBEE28843 /* [CP] Copy Pods Resources */,
			);
			buildRules = (
			);
			dependencies = (
			);
			name = Tracksumo;
			productName = Tracksumo;
			productReference = F2D2C3DB1E045A510087431E /* Tracksumo.app */;
			productType = "com.apple.product-type.application";
		};
/* End PBXNativeTarget section */

/* Begin PBXProject section */
		F2D2C3D31E045A510087431E /* Project object */ = {
			isa = PBXProject;
			attributes = {
				LastSwiftUpdateCheck = 0820;
				LastUpgradeCheck = 0820;
				ORGANIZATIONNAME = "Kreskow&Karrmarr DevHeroes";
				TargetAttributes = {
					F2D2C3DA1E045A510087431E = {
						CreatedOnToolsVersion = 8.2;
						DevelopmentTeam = YZB6HYGFR3;
						ProvisioningStyle = Automatic;
					};
				};
			};
			buildConfigurationList = F2D2C3D61E045A510087431E /* Build configuration list for PBXProject "Tracksumo" */;
			compatibilityVersion = "Xcode 3.2";
			developmentRegion = English;
			hasScannedForEncodings = 0;
			knownRegions = (
				en,
				Base,
			);
			mainGroup = F2D2C3D21E045A510087431E;
			productRefGroup = F2D2C3DC1E045A510087431E /* Products */;
			projectDirPath = "";
			projectRoot = "";
			targets = (
				F2D2C3DA1E045A510087431E /* Tracksumo */,
			);
		};
/* End PBXProject section */

/* Begin PBXResourcesBuildPhase section */
		F2D2C3D91E045A510087431E /* Resources */ = {
			isa = PBXResourcesBuildPhase;
			buildActionMask = 2147483647;
			files = (
				F2D2C3EC1E045A510087431E /* LaunchScreen.storyboard in Resources */,
				F2D2C3E91E045A510087431E /* Assets.xcassets in Resources */,
				F2D2C3E41E045A510087431E /* Main.storyboard in Resources */,
			);
			runOnlyForDeploymentPostprocessing = 0;
		};
/* End PBXResourcesBuildPhase section */

/* Begin PBXShellScriptBuildPhase section */
		88D67A5D08DC2DA249F6249B /* [CP] Embed Pods Frameworks */ = {
			isa = PBXShellScriptBuildPhase;
			buildActionMask = 2147483647;
			files = (
			);
			inputPaths = (
			);
			name = "[CP] Embed Pods Frameworks";
			outputPaths = (
			);
			runOnlyForDeploymentPostprocessing = 0;
			shellPath = /bin/sh;
			shellScript = "\"${SRCROOT}/Pods/Target Support Files/Pods-Tracksumo/Pods-Tracksumo-frameworks.sh\"\n";
			showEnvVarsInLog = 0;
		};
		D56AF18D7B06364A28124D1C /* [CP] Check Pods Manifest.lock */ = {
			isa = PBXShellScriptBuildPhase;
			buildActionMask = 2147483647;
			files = (
			);
			inputPaths = (
			);
			name = "[CP] Check Pods Manifest.lock";
			outputPaths = (
			);
			runOnlyForDeploymentPostprocessing = 0;
			shellPath = /bin/sh;
			shellScript = "diff \"${PODS_ROOT}/../Podfile.lock\" \"${PODS_ROOT}/Manifest.lock\" > /dev/null\nif [ $? != 0 ] ; then\n    # print error to STDERR\n    echo \"error: The sandbox is not in sync with the Podfile.lock. Run 'pod install' or update your CocoaPods installation.\" >&2\n    exit 1\nfi\n";
			showEnvVarsInLog = 0;
		};
		F631FA8C9872985DBEE28843 /* [CP] Copy Pods Resources */ = {
			isa = PBXShellScriptBuildPhase;
			buildActionMask = 2147483647;
			files = (
			);
			inputPaths = (
			);
			name = "[CP] Copy Pods Resources";
			outputPaths = (
			);
			runOnlyForDeploymentPostprocessing = 0;
			shellPath = /bin/sh;
			shellScript = "\"${SRCROOT}/Pods/Target Support Files/Pods-Tracksumo/Pods-Tracksumo-resources.sh\"\n";
			showEnvVarsInLog = 0;
		};
/* End PBXShellScriptBuildPhase section */

/* Begin PBXSourcesBuildPhase section */
		F2D2C3D71E045A510087431E /* Sources */ = {
			isa = PBXSourcesBuildPhase;
			buildActionMask = 2147483647;
			files = (
				7BD4ABA71E049D86002661FD /* PageViewController.swift in Sources */,
				7BD4ABAB1E049E27002661FD /* StatisticsViewController.swift in Sources */,
				F2D2C3DF1E045A510087431E /* AppDelegate.swift in Sources */,
				7BD4ABAD1E049E75002661FD /* MainViewController.swift in Sources */,
				F2D2C3E71E045A510087431E /* Tracksumo.xcdatamodeld in Sources */,
				7BD4ABA91E049DD8002661FD /* SettingsViewController.swift in Sources */,
			);
			runOnlyForDeploymentPostprocessing = 0;
		};
/* End PBXSourcesBuildPhase section */

/* Begin PBXVariantGroup section */
		F2D2C3E21E045A510087431E /* Main.storyboard */ = {
			isa = PBXVariantGroup;
			children = (
				F2D2C3E31E045A510087431E /* Base */,
			);
			name = Main.storyboard;
			sourceTree = "<group>";
		};
		F2D2C3EA1E045A510087431E /* LaunchScreen.storyboard */ = {
			isa = PBXVariantGroup;
			children = (
				F2D2C3EB1E045A510087431E /* Base */,
			);
			name = LaunchScreen.storyboard;
			sourceTree = "<group>";
		};
/* End PBXVariantGroup section */

/* Begin XCBuildConfiguration section */
		F2D2C3EE1E045A510087431E /* Debug */ = {
			isa = XCBuildConfiguration;
			buildSettings = {
				ALWAYS_SEARCH_USER_PATHS = NO;
				CLANG_ANALYZER_NONNULL = YES;
				CLANG_CXX_LANGUAGE_STANDARD = "gnu++0x";
				CLANG_CXX_LIBRARY = "libc++";
				CLANG_ENABLE_MODULES = YES;
				CLANG_ENABLE_OBJC_ARC = YES;
				CLANG_WARN_BOOL_CONVERSION = YES;
				CLANG_WARN_CONSTANT_CONVERSION = YES;
				CLANG_WARN_DIRECT_OBJC_ISA_USAGE = YES_ERROR;
				CLANG_WARN_DOCUMENTATION_COMMENTS = YES;
				CLANG_WARN_EMPTY_BODY = YES;
				CLANG_WARN_ENUM_CONVERSION = YES;
				CLANG_WARN_INFINITE_RECURSION = YES;
				CLANG_WARN_INT_CONVERSION = YES;
				CLANG_WARN_OBJC_ROOT_CLASS = YES_ERROR;
				CLANG_WARN_SUSPICIOUS_MOVE = YES;
				CLANG_WARN_UNREACHABLE_CODE = YES;
				CLANG_WARN__DUPLICATE_METHOD_MATCH = YES;
				"CODE_SIGN_IDENTITY[sdk=iphoneos*]" = "iPhone Developer";
				COPY_PHASE_STRIP = NO;
				DEBUG_INFORMATION_FORMAT = dwarf;
				ENABLE_STRICT_OBJC_MSGSEND = YES;
				ENABLE_TESTABILITY = YES;
				GCC_C_LANGUAGE_STANDARD = gnu99;
				GCC_DYNAMIC_NO_PIC = NO;
				GCC_NO_COMMON_BLOCKS = YES;
				GCC_OPTIMIZATION_LEVEL = 0;
				GCC_PREPROCESSOR_DEFINITIONS = (
					"DEBUG=1",
					"$(inherited)",
				);
				GCC_WARN_64_TO_32_BIT_CONVERSION = YES;
				GCC_WARN_ABOUT_RETURN_TYPE = YES_ERROR;
				GCC_WARN_UNDECLARED_SELECTOR = YES;
				GCC_WARN_UNINITIALIZED_AUTOS = YES_AGGRESSIVE;
				GCC_WARN_UNUSED_FUNCTION = YES;
				GCC_WARN_UNUSED_VARIABLE = YES;
				IPHONEOS_DEPLOYMENT_TARGET = 10.2;
				MTL_ENABLE_DEBUG_INFO = YES;
				ONLY_ACTIVE_ARCH = YES;
				SDKROOT = iphoneos;
				SWIFT_ACTIVE_COMPILATION_CONDITIONS = DEBUG;
				SWIFT_OPTIMIZATION_LEVEL = "-Onone";
			};
			name = Debug;
		};
		F2D2C3EF1E045A510087431E /* Release */ = {
			isa = XCBuildConfiguration;
			buildSettings = {
				ALWAYS_SEARCH_USER_PATHS = NO;
				CLANG_ANALYZER_NONNULL = YES;
				CLANG_CXX_LANGUAGE_STANDARD = "gnu++0x";
				CLANG_CXX_LIBRARY = "libc++";
				CLANG_ENABLE_MODULES = YES;
				CLANG_ENABLE_OBJC_ARC = YES;
				CLANG_WARN_BOOL_CONVERSION = YES;
				CLANG_WARN_CONSTANT_CONVERSION = YES;
				CLANG_WARN_DIRECT_OBJC_ISA_USAGE = YES_ERROR;
				CLANG_WARN_DOCUMENTATION_COMMENTS = YES;
				CLANG_WARN_EMPTY_BODY = YES;
				CLANG_WARN_ENUM_CONVERSION = YES;
				CLANG_WARN_INFINITE_RECURSION = YES;
				CLANG_WARN_INT_CONVERSION = YES;
				CLANG_WARN_OBJC_ROOT_CLASS = YES_ERROR;
				CLANG_WARN_SUSPICIOUS_MOVE = YES;
				CLANG_WARN_UNREACHABLE_CODE = YES;
				CLANG_WARN__DUPLICATE_METHOD_MATCH = YES;
				"CODE_SIGN_IDENTITY[sdk=iphoneos*]" = "iPhone Developer";
				COPY_PHASE_STRIP = NO;
				DEBUG_INFORMATION_FORMAT = "dwarf-with-dsym";
				ENABLE_NS_ASSERTIONS = NO;
				ENABLE_STRICT_OBJC_MSGSEND = YES;
				GCC_C_LANGUAGE_STANDARD = gnu99;
				GCC_NO_COMMON_BLOCKS = YES;
				GCC_WARN_64_TO_32_BIT_CONVERSION = YES;
				GCC_WARN_ABOUT_RETURN_TYPE = YES_ERROR;
				GCC_WARN_UNDECLARED_SELECTOR = YES;
				GCC_WARN_UNINITIALIZED_AUTOS = YES_AGGRESSIVE;
				GCC_WARN_UNUSED_FUNCTION = YES;
				GCC_WARN_UNUSED_VARIABLE = YES;
				IPHONEOS_DEPLOYMENT_TARGET = 10.2;
				MTL_ENABLE_DEBUG_INFO = NO;
				SDKROOT = iphoneos;
				SWIFT_OPTIMIZATION_LEVEL = "-Owholemodule";
				VALIDATE_PRODUCT = YES;
			};
			name = Release;
		};
		F2D2C3F11E045A510087431E /* Debug */ = {
			isa = XCBuildConfiguration;
			baseConfigurationReference = C844BF543122A8AD98ACD6F9 /* Pods-Tracksumo.debug.xcconfig */;
			buildSettings = {
				ASSETCATALOG_COMPILER_APPICON_NAME = AppIcon;
				DEVELOPMENT_TEAM = YZB6HYGFR3;
				INFOPLIST_FILE = Tracksumo/Info.plist;
				LD_RUNPATH_SEARCH_PATHS = "$(inherited) @executable_path/Frameworks";
				PRODUCT_BUNDLE_IDENTIFIER = org.devheroes.Tracksumo;
				PRODUCT_NAME = "$(TARGET_NAME)";
				SWIFT_VERSION = 3.0;
			};
			name = Debug;
		};
		F2D2C3F21E045A510087431E /* Release */ = {
			isa = XCBuildConfiguration;
			baseConfigurationReference = 1B6B2BCB21D1B3FFC52D8D63 /* Pods-Tracksumo.release.xcconfig */;
			buildSettings = {
				ASSETCATALOG_COMPILER_APPICON_NAME = AppIcon;
				DEVELOPMENT_TEAM = YZB6HYGFR3;
				INFOPLIST_FILE = Tracksumo/Info.plist;
				LD_RUNPATH_SEARCH_PATHS = "$(inherited) @executable_path/Frameworks";
				PRODUCT_BUNDLE_IDENTIFIER = org.devheroes.Tracksumo;
				PRODUCT_NAME = "$(TARGET_NAME)";
				SWIFT_VERSION = 3.0;
			};
			name = Release;
		};
/* End XCBuildConfiguration section */

/* Begin XCConfigurationList section */
		F2D2C3D61E045A510087431E /* Build configuration list for PBXProject "Tracksumo" */ = {
			isa = XCConfigurationList;
			buildConfigurations = (
				F2D2C3EE1E045A510087431E /* Debug */,
				F2D2C3EF1E045A510087431E /* Release */,
			);
			defaultConfigurationIsVisible = 0;
			defaultConfigurationName = Release;
		};
		F2D2C3F01E045A510087431E /* Build configuration list for PBXNativeTarget "Tracksumo" */ = {
			isa = XCConfigurationList;
			buildConfigurations = (
				F2D2C3F11E045A510087431E /* Debug */,
				F2D2C3F21E045A510087431E /* Release */,
			);
			defaultConfigurationIsVisible = 0;
			defaultConfigurationName = Release;
		};
/* End XCConfigurationList section */

/* Begin XCVersionGroup section */
		F2D2C3E51E045A510087431E /* Tracksumo.xcdatamodeld */ = {
			isa = XCVersionGroup;
			children = (
				F2D2C3E61E045A510087431E /* Tracksumo.xcdatamodel */,
			);
			currentVersion = F2D2C3E61E045A510087431E /* Tracksumo.xcdatamodel */;
			path = Tracksumo.xcdatamodeld;
			sourceTree = "<group>";
			versionGroupType = wrapper.xcdatamodel;
		};
/* End XCVersionGroup section */
	};
	rootObject = F2D2C3D31E045A510087431E /* Project object */;
}
